
Microsoft Visual Studio Solution File, Format Version 12.00
# Visual Studio Version 16
VisualStudioVersion = 16.0.30503.244
MinimumVisualStudioVersion = 10.0.40219.1
Project("{FAE04EC0-301F-11D3-BF4B-00C04F79EFBC}") = "Awards.StartPoint", "Awards.StartPoint.csproj", "{B9A39876-6CC5-4519-B055-F149C3E86868}"
EndProject
Project("{2150E333-8FDC-42A3-9474-1A3956D46DE8}") = "BLL", "BLL", "{A1B3958D-C004-4C34-8886-42DB1279B3F2}"
EndProject
Project("{2150E333-8FDC-42A3-9474-1A3956D46DE8}") = "PL", "PL", "{3558E5C9-EA93-43D2-BEDC-030AE45AA82E}"
EndProject
Project("{2150E333-8FDC-42A3-9474-1A3956D46DE8}") = "DAL", "DAL", "{9D706ACA-A43E-40FF-95A7-C706AD2BF27F}"
EndProject
Project("{2150E333-8FDC-42A3-9474-1A3956D46DE8}") = "Common", "Common", "{1F6A4CCB-0EA6-4BBF-9613-DFF4691340CA}"
EndProject
Project("{FAE04EC0-301F-11D3-BF4B-00C04F79EFBC}") = "Awards.Entities", "..\UsersAndAwards.Entities\Awards.Entities.csproj", "{4BA720B2-9CE3-4266-ADD6-427D611C291C}"
EndProject
Project("{FAE04EC0-301F-11D3-BF4B-00C04F79EFBC}") = "Awards.BLL.Dependencies", "..\UsersAndAwards.BLL.Dependencies\Awards.BLL.Dependencies.csproj", "{1E4996C5-CBFC-4B0A-AC81-E657CB298CC7}"
EndProject
Project("{FAE04EC0-301F-11D3-BF4B-00C04F79EFBC}") = "Awards.BLL.Common", "..\UsersAndAwards.BLL.Common\Awards.BLL.Common.csproj", "{4E888CB5-8790-44D1-BE9D-F62A5FB586C2}"
EndProject
Project("{FAE04EC0-301F-11D3-BF4B-00C04F79EFBC}") = "Awards.BLL", "..\UsersAndAwards.BLL\Awards.BLL.csproj", "{FD418AFA-4FE2-4038-AF3D-DFBF725A9D29}"
EndProject
Project("{FAE04EC0-301F-11D3-BF4B-00C04F79EFBC}") = "Awards.DAL.Json", "..\UsersAndAwards.DAL\Awards.DAL.Json.csproj", "{C9A55830-11C6-4BA0-89AA-BD0E3813D102}"
EndProject
Project("{FAE04EC0-301F-11D3-BF4B-00C04F79EFBC}") = "Awards.DAL.Common", "..\UsersAndAwards.DAL.Common\Awards.DAL.Common.csproj", "{94158081-04C4-40A3-9546-4F0662970C91}"
EndProject
Project("{FAE04EC0-301F-11D3-BF4B-00C04F79EFBC}") = "Awards.DAL.Dependencies", "..\UsersAndAwards.DAL.Dependencies\Awards.DAL.Dependencies.csproj", "{9287CFD0-E424-4D4E-8BFB-9D168D583618}"
EndProject
Project("{FAE04EC0-301F-11D3-BF4B-00C04F79EFBC}") = "Awards.PL.Common", "..\UsersAndAwards.PL.Common\Awards.PL.Common.csproj", "{7B737BC2-7426-4027-B903-0437C865D710}"
EndProject
Project("{FAE04EC0-301F-11D3-BF4B-00C04F79EFBC}") = "Awards.PL.Dependencies", "..\UsersAndAwards.PL.Dependencies\Awards.PL.Dependencies.csproj", "{5A34621D-F7EA-4015-A3C0-4714B167E0A0}"
EndProject
Project("{FAE04EC0-301F-11D3-BF4B-00C04F79EFBC}") = "Awards.PL.Console", "..\UsersAndAwards.PL.Console\Awards.PL.Console.csproj", "{4AD47996-C7C6-4C92-B516-063BA1DB3F5D}"
EndProject
Project("{2150E333-8FDC-42A3-9474-1A3956D46DE8}") = "webPL", "webPL", "{73F21183-31D9-4063-AE5F-E79896BDA9FF}"
EndProject
Project("{2150E333-8FDC-42A3-9474-1A3956D46DE8}") = "ConsolePL", "ConsolePL", "{DE0E945E-9E36-4EFD-B0BB-ECBDA2E78A75}"
EndProject
Project("{FAE04EC0-301F-11D3-BF4B-00C04F79EFBC}") = "AwardsWebPL", "..\AwardsWebPL\AwardsWebPL.csproj", "{B4B0D990-9EE2-4198-8B83-FD35DD3B24AC}"
EndProject
Global
	GlobalSection(SolutionConfigurationPlatforms) = preSolution
		Debug|Any CPU = Debug|Any CPU
		Release|Any CPU = Release|Any CPU
	EndGlobalSection
	GlobalSection(ProjectConfigurationPlatforms) = postSolution
		{B9A39876-6CC5-4519-B055-F149C3E86868}.Debug|Any CPU.ActiveCfg = Debug|Any CPU
		{B9A39876-6CC5-4519-B055-F149C3E86868}.Debug|Any CPU.Build.0 = Debug|Any CPU
		{B9A39876-6CC5-4519-B055-F149C3E86868}.Release|Any CPU.ActiveCfg = Release|Any CPU
		{B9A39876-6CC5-4519-B055-F149C3E86868}.Release|Any CPU.Build.0 = Release|Any CPU
		{4BA720B2-9CE3-4266-ADD6-427D611C291C}.Debug|Any CPU.ActiveCfg = Debug|Any CPU
		{4BA720B2-9CE3-4266-ADD6-427D611C291C}.Debug|Any CPU.Build.0 = Debug|Any CPU
		{4BA720B2-9CE3-4266-ADD6-427D611C291C}.Release|Any CPU.ActiveCfg = Release|Any CPU
		{4BA720B2-9CE3-4266-ADD6-427D611C291C}.Release|Any CPU.Build.0 = Release|Any CPU
		{1E4996C5-CBFC-4B0A-AC81-E657CB298CC7}.Debug|Any CPU.ActiveCfg = Debug|Any CPU
		{1E4996C5-CBFC-4B0A-AC81-E657CB298CC7}.Debug|Any CPU.Build.0 = Debug|Any CPU
		{1E4996C5-CBFC-4B0A-AC81-E657CB298CC7}.Release|Any CPU.ActiveCfg = Release|Any CPU
		{1E4996C5-CBFC-4B0A-AC81-E657CB298CC7}.Release|Any CPU.Build.0 = Release|Any CPU
		{4E888CB5-8790-44D1-BE9D-F62A5FB586C2}.Debug|Any CPU.ActiveCfg = Debug|Any CPU
		{4E888CB5-8790-44D1-BE9D-F62A5FB586C2}.Debug|Any CPU.Build.0 = Debug|Any CPU
		{4E888CB5-8790-44D1-BE9D-F62A5FB586C2}.Release|Any CPU.ActiveCfg = Release|Any CPU
		{4E888CB5-8790-44D1-BE9D-F62A5FB586C2}.Release|Any CPU.Build.0 = Release|Any CPU
		{FD418AFA-4FE2-4038-AF3D-DFBF725A9D29}.Debug|Any CPU.ActiveCfg = Debug|Any CPU
		{FD418AFA-4FE2-4038-AF3D-DFBF725A9D29}.Debug|Any CPU.Build.0 = Debug|Any CPU
		{FD418AFA-4FE2-4038-AF3D-DFBF725A9D29}.Release|Any CPU.ActiveCfg = Release|Any CPU
		{FD418AFA-4FE2-4038-AF3D-DFBF725A9D29}.Release|Any CPU.Build.0 = Release|Any CPU
		{C9A55830-11C6-4BA0-89AA-BD0E3813D102}.Debug|Any CPU.ActiveCfg = Debug|Any CPU
		{C9A55830-11C6-4BA0-89AA-BD0E3813D102}.Debug|Any CPU.Build.0 = Debug|Any CPU
		{C9A55830-11C6-4BA0-89AA-BD0E3813D102}.Release|Any CPU.ActiveCfg = Release|Any CPU
		{C9A55830-11C6-4BA0-89AA-BD0E3813D102}.Release|Any CPU.Build.0 = Release|Any CPU
		{94158081-04C4-40A3-9546-4F0662970C91}.Debug|Any CPU.ActiveCfg = Debug|Any CPU
		{94158081-04C4-40A3-9546-4F0662970C91}.Debug|Any CPU.Build.0 = Debug|Any CPU
		{94158081-04C4-40A3-9546-4F0662970C91}.Release|Any CPU.ActiveCfg = Release|Any CPU
		{94158081-04C4-40A3-9546-4F0662970C91}.Release|Any CPU.Build.0 = Release|Any CPU
		{9287CFD0-E424-4D4E-8BFB-9D168D583618}.Debug|Any CPU.ActiveCfg = Debug|Any CPU
		{9287CFD0-E424-4D4E-8BFB-9D168D583618}.Debug|Any CPU.Build.0 = Debug|Any CPU
		{9287CFD0-E424-4D4E-8BFB-9D168D583618}.Release|Any CPU.ActiveCfg = Release|Any CPU
		{9287CFD0-E424-4D4E-8BFB-9D168D583618}.Release|Any CPU.Build.0 = Release|Any CPU
		{7B737BC2-7426-4027-B903-0437C865D710}.Debug|Any CPU.ActiveCfg = Debug|Any CPU
		{7B737BC2-7426-4027-B903-0437C865D710}.Debug|Any CPU.Build.0 = Debug|Any CPU
		{7B737BC2-7426-4027-B903-0437C865D710}.Release|Any CPU.ActiveCfg = Release|Any CPU
		{7B737BC2-7426-4027-B903-0437C865D710}.Release|Any CPU.Build.0 = Release|Any CPU
		{5A34621D-F7EA-4015-A3C0-4714B167E0A0}.Debug|Any CPU.ActiveCfg = Debug|Any CPU
		{5A34621D-F7EA-4015-A3C0-4714B167E0A0}.Debug|Any CPU.Build.0 = Debug|Any CPU
		{5A34621D-F7EA-4015-A3C0-4714B167E0A0}.Release|Any CPU.ActiveCfg = Release|Any CPU
		{5A34621D-F7EA-4015-A3C0-4714B167E0A0}.Release|Any CPU.Build.0 = Release|Any CPU
		{4AD47996-C7C6-4C92-B516-063BA1DB3F5D}.Debug|Any CPU.ActiveCfg = Debug|Any CPU
		{4AD47996-C7C6-4C92-B516-063BA1DB3F5D}.Debug|Any CPU.Build.0 = Debug|Any CPU
		{4AD47996-C7C6-4C92-B516-063BA1DB3F5D}.Release|Any CPU.ActiveCfg = Release|Any CPU
		{4AD47996-C7C6-4C92-B516-063BA1DB3F5D}.Release|Any CPU.Build.0 = Release|Any CPU
		{B4B0D990-9EE2-4198-8B83-FD35DD3B24AC}.Debug|Any CPU.ActiveCfg = Debug|Any CPU
		{B4B0D990-9EE2-4198-8B83-FD35DD3B24AC}.Debug|Any CPU.Build.0 = Debug|Any CPU
		{B4B0D990-9EE2-4198-8B83-FD35DD3B24AC}.Release|Any CPU.ActiveCfg = Release|Any CPU
		{B4B0D990-9EE2-4198-8B83-FD35DD3B24AC}.Release|Any CPU.Build.0 = Release|Any CPU
	EndGlobalSection
	GlobalSection(SolutionProperties) = preSolution
		HideSolutionNode = FALSE
	EndGlobalSection
	GlobalSection(NestedProjects) = preSolution
		{4BA720B2-9CE3-4266-ADD6-427D611C291C} = {1F6A4CCB-0EA6-4BBF-9613-DFF4691340CA}
		{1E4996C5-CBFC-4B0A-AC81-E657CB298CC7} = {A1B3958D-C004-4C34-8886-42DB1279B3F2}
		{4E888CB5-8790-44D1-BE9D-F62A5FB586C2} = {A1B3958D-C004-4C34-8886-42DB1279B3F2}
		{FD418AFA-4FE2-4038-AF3D-DFBF725A9D29} = {A1B3958D-C004-4C34-8886-42DB1279B3F2}
		{C9A55830-11C6-4BA0-89AA-BD0E3813D102} = {9D706ACA-A43E-40FF-95A7-C706AD2BF27F}
		{94158081-04C4-40A3-9546-4F0662970C91} = {9D706ACA-A43E-40FF-95A7-C706AD2BF27F}
		{9287CFD0-E424-4D4E-8BFB-9D168D583618} = {9D706ACA-A43E-40FF-95A7-C706AD2BF27F}
		{7B737BC2-7426-4027-B903-0437C865D710} = {DE0E945E-9E36-4EFD-B0BB-ECBDA2E78A75}
		{5A34621D-F7EA-4015-A3C0-4714B167E0A0} = {DE0E945E-9E36-4EFD-B0BB-ECBDA2E78A75}
		{4AD47996-C7C6-4C92-B516-063BA1DB3F5D} = {DE0E945E-9E36-4EFD-B0BB-ECBDA2E78A75}
		{73F21183-31D9-4063-AE5F-E79896BDA9FF} = {3558E5C9-EA93-43D2-BEDC-030AE45AA82E}
		{DE0E945E-9E36-4EFD-B0BB-ECBDA2E78A75} = {3558E5C9-EA93-43D2-BEDC-030AE45AA82E}
		{B4B0D990-9EE2-4198-8B83-FD35DD3B24AC} = {73F21183-31D9-4063-AE5F-E79896BDA9FF}
	EndGlobalSection
	GlobalSection(ExtensibilityGlobals) = postSolution
		SolutionGuid = {F192ABCD-7E7D-4FA0-9411-29AEB5FD7FED}
	EndGlobalSection
EndGlobal
