
Microsoft Visual Studio Solution File, Format Version 12.00
# Visual Studio Version 16
VisualStudioVersion = 16.0.29806.167
MinimumVisualStudioVersion = 10.0.40219.1
Project("{FAE04EC0-301F-11D3-BF4B-00C04F79EFBC}") = "Task 1.1.2 - 1.1.4", "..\Task 1.1.2 - 1.1.4\Task 1.1.2 - 1.1.4.csproj", "{9DD20D62-447F-4650-92F2-6109C5486D49}"
EndProject
Project("{FAE04EC0-301F-11D3-BF4B-00C04F79EFBC}") = "Task 1.1.5", "..\Task 1.1.5\Task 1.1.5.csproj", "{E1301573-66A0-471A-B2BB-31EA2238FE09}"
EndProject
Project("{FAE04EC0-301F-11D3-BF4B-00C04F79EFBC}") = "Task 1.1.6", "..\Task 1.1.6\Task 1.1.6.csproj", "{AFE8FF08-4233-435C-9273-15A871C73371}"
EndProject
Project("{FAE04EC0-301F-11D3-BF4B-00C04F79EFBC}") = "Task 1.1.7", "..\Task 1.1.7\Task 1.1.7.csproj", "{F9ABCD0F-66ED-4B99-B617-67D7184E81AF}"
EndProject
Project("{FAE04EC0-301F-11D3-BF4B-00C04F79EFBC}") = "Task 1.1.8", "..\Task 1.1.8\Task 1.1.8.csproj", "{A760B556-E6FE-46B8-947D-5844CC49B055}"
EndProject
Project("{FAE04EC0-301F-11D3-BF4B-00C04F79EFBC}") = "Task 1.1.9", "..\Task 1.1.9\Task 1.1.9.csproj", "{5D6AC610-0B7D-4D78-AB24-A345F2D28AAE}"
EndProject
Project("{FAE04EC0-301F-11D3-BF4B-00C04F79EFBC}") = "Task 1.1.910", "..\Task 1.1.910\Task 1.1.910.csproj", "{21E96B63-A211-43F7-805F-C8E2904E511B}"
EndProject
Project("{FAE04EC0-301F-11D3-BF4B-00C04F79EFBC}") = "zArrayOptions", "..\ArrayOptions\zArrayOptions.csproj", "{67B31E7B-1699-4F0E-9FC0-22DABBEE0E60}"
EndProject
Project("{FAE04EC0-301F-11D3-BF4B-00C04F79EFBC}") = "zGetFromUser", "..\GetFromUser\zGetFromUser.csproj", "{501C1F36-DF29-4E0E-9F4E-165BE63DB92C}"
EndProject
Project("{FAE04EC0-301F-11D3-BF4B-00C04F79EFBC}") = "Task 1.1.1", "..\Task 1.1.1\Task 1.1.1.csproj", "{D68B8CED-DFE4-4B4D-81C4-13958A599383}"
EndProject
Project("{FAE04EC0-301F-11D3-BF4B-00C04F79EFBC}") = "Task 1.2.1", "..\Task 1.2.1\Task 1.2.1.csproj", "{6347766A-18B7-4B4D-8B7B-F6559BA76EC9}"
EndProject
Project("{FAE04EC0-301F-11D3-BF4B-00C04F79EFBC}") = "zStringOptions", "..\StringOptions\zStringOptions.csproj", "{10A998EE-3F37-46E7-B101-1871E9EB8FE7}"
EndProject
Project("{FAE04EC0-301F-11D3-BF4B-00C04F79EFBC}") = "Task 1.2.2", "..\Task 1.2.2\Task 1.2.2.csproj", "{1D3FB346-04AD-4EBE-B3B3-17EE5D7B21DF}"
EndProject
Project("{FAE04EC0-301F-11D3-BF4B-00C04F79EFBC}") = "Task 1.2.3", "..\Task 1.2.3\Task 1.2.3.csproj", "{7BB22878-36E2-490C-A559-2B87C04B2B55}"
EndProject
Project("{FAE04EC0-301F-11D3-BF4B-00C04F79EFBC}") = "Task 1.2.4", "..\Task 1.2.4\Task 1.2.4.csproj", "{5A66DC30-733D-451D-A820-475DD06351AE}"
EndProject
Project("{2150E333-8FDC-42A3-9474-1A3956D46DE8}") = "Task 1", "Task 1", "{863E73BA-BBD2-4DAB-8B90-7B62F3E00979}"
EndProject
Project("{2150E333-8FDC-42A3-9474-1A3956D46DE8}") = "Task 2", "Task 2", "{04D1810E-C5AD-48CF-98A3-FDDF748E0732}"
EndProject
Project("{FAE04EC0-301F-11D3-BF4B-00C04F79EFBC}") = "Task 2.1.1", "Task 2.1.1\Task 2.1.1.csproj", "{A3C11A01-F78A-4969-AC21-F14E71F7A288}"
EndProject
Project("{FAE04EC0-301F-11D3-BF4B-00C04F79EFBC}") = "Task 2.1.2", "Task 2.1.2\Task 2.1.2.csproj", "{61C15F58-900B-4491-B15A-993BD41B4D33}"
EndProject
Project("{FAE04EC0-301F-11D3-BF4B-00C04F79EFBC}") = "Gothic - prequel", "Gothic - prequel\Gothic - prequel.csproj", "{4B6C4EAC-8B97-4AD3-B85C-47DA3518CB4F}"
EndProject
Project("{2150E333-8FDC-42A3-9474-1A3956D46DE8}") = "Task 3", "Task 3", "{FF919C17-E9BB-47A7-91DA-3932321B8AD2}"
EndProject
Project("{FAE04EC0-301F-11D3-BF4B-00C04F79EFBC}") = "Weakest link", "Weakest link\Weakest link.csproj", "{EBF568DA-85DC-4F5C-A56D-91ADA430D768}"
EndProject
Project("{FAE04EC0-301F-11D3-BF4B-00C04F79EFBC}") = "MyLib", "MyLib\MyLib.csproj", "{34BB5AA5-8BCE-4C1D-9DC3-16755DF0F6CD}"
EndProject
Project("{FAE04EC0-301F-11D3-BF4B-00C04F79EFBC}") = "TextAnalysis", "TextAnalysis\TextAnalysis.csproj", "{28161917-C759-4104-8FD5-8DA9C610B67A}"
EndProject
Project("{FAE04EC0-301F-11D3-BF4B-00C04F79EFBC}") = "DynamicArray", "DinamicArray\DynamicArray.csproj", "{2C1B5C78-1964-4907-BA46-3944C1A0936B}"
EndProject
Project("{FAE04EC0-301F-11D3-BF4B-00C04F79EFBC}") = "SyperArray", "SyperArray\SyperArray.csproj", "{FD3651E7-ABCC-49DB-826D-F83A5FEA766C}"
EndProject
Project("{FAE04EC0-301F-11D3-BF4B-00C04F79EFBC}") = "PizzaTime", "PizzaTime\PizzaTime.csproj", "{17A7DBD8-05C6-440B-997A-7D578BABE657}"
EndProject
Project("{2150E333-8FDC-42A3-9474-1A3956D46DE8}") = "Task 4", "Task 4", "{28DCA686-C66B-4DC2-8016-E60BF5992C54}"
EndProject
Project("{FAE04EC0-301F-11D3-BF4B-00C04F79EFBC}") = "CVS", "CVS\CVS.csproj", "{D96E9A46-F255-4DDC-9417-5803FF4CBC07}"
EndProject
Project("{2150E333-8FDC-42A3-9474-1A3956D46DE8}") = "Task 5", "Task 5", "{3143D96F-2FED-4D6C-91DD-EBAA5A012061}"
EndProject
Project("{9092AA53-FB77-4645-B42D-1CCCA6BD08BD}") = "CharRemover", "CharRemover\CharRemover.njsproj", "{2DF5E957-97F3-48D1-9053-275604450F9F}"
EndProject
Project("{9092AA53-FB77-4645-B42D-1CCCA6BD08BD}") = "Math Calculator", "Math Calculator\Math Calculator.njsproj", "{DAAE091D-2F77-463C-A3AE-4A680050CB3D}"
EndProject
Project("{9092AA53-FB77-4645-B42D-1CCCA6BD08BD}") = "MiniCrud", "MiniCrud\MiniCrud.njsproj", "{415896FB-5497-4C3F-801C-BAC2FFCAA75B}"
EndProject
Global
	GlobalSection(SolutionConfigurationPlatforms) = preSolution
		Debug|Any CPU = Debug|Any CPU
		Release|Any CPU = Release|Any CPU
	EndGlobalSection
	GlobalSection(ProjectConfigurationPlatforms) = postSolution
		{9DD20D62-447F-4650-92F2-6109C5486D49}.Debug|Any CPU.ActiveCfg = Debug|Any CPU
		{9DD20D62-447F-4650-92F2-6109C5486D49}.Debug|Any CPU.Build.0 = Debug|Any CPU
		{9DD20D62-447F-4650-92F2-6109C5486D49}.Release|Any CPU.ActiveCfg = Release|Any CPU
		{9DD20D62-447F-4650-92F2-6109C5486D49}.Release|Any CPU.Build.0 = Release|Any CPU
		{E1301573-66A0-471A-B2BB-31EA2238FE09}.Debug|Any CPU.ActiveCfg = Debug|Any CPU
		{E1301573-66A0-471A-B2BB-31EA2238FE09}.Debug|Any CPU.Build.0 = Debug|Any CPU
		{E1301573-66A0-471A-B2BB-31EA2238FE09}.Release|Any CPU.ActiveCfg = Release|Any CPU
		{E1301573-66A0-471A-B2BB-31EA2238FE09}.Release|Any CPU.Build.0 = Release|Any CPU
		{AFE8FF08-4233-435C-9273-15A871C73371}.Debug|Any CPU.ActiveCfg = Debug|Any CPU
		{AFE8FF08-4233-435C-9273-15A871C73371}.Debug|Any CPU.Build.0 = Debug|Any CPU
		{AFE8FF08-4233-435C-9273-15A871C73371}.Release|Any CPU.ActiveCfg = Release|Any CPU
		{AFE8FF08-4233-435C-9273-15A871C73371}.Release|Any CPU.Build.0 = Release|Any CPU
		{F9ABCD0F-66ED-4B99-B617-67D7184E81AF}.Debug|Any CPU.ActiveCfg = Debug|Any CPU
		{F9ABCD0F-66ED-4B99-B617-67D7184E81AF}.Debug|Any CPU.Build.0 = Debug|Any CPU
		{F9ABCD0F-66ED-4B99-B617-67D7184E81AF}.Release|Any CPU.ActiveCfg = Release|Any CPU
		{F9ABCD0F-66ED-4B99-B617-67D7184E81AF}.Release|Any CPU.Build.0 = Release|Any CPU
		{A760B556-E6FE-46B8-947D-5844CC49B055}.Debug|Any CPU.ActiveCfg = Debug|Any CPU
		{A760B556-E6FE-46B8-947D-5844CC49B055}.Debug|Any CPU.Build.0 = Debug|Any CPU
		{A760B556-E6FE-46B8-947D-5844CC49B055}.Release|Any CPU.ActiveCfg = Release|Any CPU
		{A760B556-E6FE-46B8-947D-5844CC49B055}.Release|Any CPU.Build.0 = Release|Any CPU
		{5D6AC610-0B7D-4D78-AB24-A345F2D28AAE}.Debug|Any CPU.ActiveCfg = Debug|Any CPU
		{5D6AC610-0B7D-4D78-AB24-A345F2D28AAE}.Debug|Any CPU.Build.0 = Debug|Any CPU
		{5D6AC610-0B7D-4D78-AB24-A345F2D28AAE}.Release|Any CPU.ActiveCfg = Release|Any CPU
		{5D6AC610-0B7D-4D78-AB24-A345F2D28AAE}.Release|Any CPU.Build.0 = Release|Any CPU
		{21E96B63-A211-43F7-805F-C8E2904E511B}.Debug|Any CPU.ActiveCfg = Debug|Any CPU
		{21E96B63-A211-43F7-805F-C8E2904E511B}.Debug|Any CPU.Build.0 = Debug|Any CPU
		{21E96B63-A211-43F7-805F-C8E2904E511B}.Release|Any CPU.ActiveCfg = Release|Any CPU
		{21E96B63-A211-43F7-805F-C8E2904E511B}.Release|Any CPU.Build.0 = Release|Any CPU
		{67B31E7B-1699-4F0E-9FC0-22DABBEE0E60}.Debug|Any CPU.ActiveCfg = Debug|Any CPU
		{67B31E7B-1699-4F0E-9FC0-22DABBEE0E60}.Debug|Any CPU.Build.0 = Debug|Any CPU
		{67B31E7B-1699-4F0E-9FC0-22DABBEE0E60}.Release|Any CPU.ActiveCfg = Release|Any CPU
		{67B31E7B-1699-4F0E-9FC0-22DABBEE0E60}.Release|Any CPU.Build.0 = Release|Any CPU
		{501C1F36-DF29-4E0E-9F4E-165BE63DB92C}.Debug|Any CPU.ActiveCfg = Debug|Any CPU
		{501C1F36-DF29-4E0E-9F4E-165BE63DB92C}.Debug|Any CPU.Build.0 = Debug|Any CPU
		{501C1F36-DF29-4E0E-9F4E-165BE63DB92C}.Release|Any CPU.ActiveCfg = Release|Any CPU
		{501C1F36-DF29-4E0E-9F4E-165BE63DB92C}.Release|Any CPU.Build.0 = Release|Any CPU
		{D68B8CED-DFE4-4B4D-81C4-13958A599383}.Debug|Any CPU.ActiveCfg = Debug|Any CPU
		{D68B8CED-DFE4-4B4D-81C4-13958A599383}.Debug|Any CPU.Build.0 = Debug|Any CPU
		{D68B8CED-DFE4-4B4D-81C4-13958A599383}.Release|Any CPU.ActiveCfg = Release|Any CPU
		{D68B8CED-DFE4-4B4D-81C4-13958A599383}.Release|Any CPU.Build.0 = Release|Any CPU
		{6347766A-18B7-4B4D-8B7B-F6559BA76EC9}.Debug|Any CPU.ActiveCfg = Debug|Any CPU
		{6347766A-18B7-4B4D-8B7B-F6559BA76EC9}.Debug|Any CPU.Build.0 = Debug|Any CPU
		{6347766A-18B7-4B4D-8B7B-F6559BA76EC9}.Release|Any CPU.ActiveCfg = Release|Any CPU
		{6347766A-18B7-4B4D-8B7B-F6559BA76EC9}.Release|Any CPU.Build.0 = Release|Any CPU
		{10A998EE-3F37-46E7-B101-1871E9EB8FE7}.Debug|Any CPU.ActiveCfg = Debug|Any CPU
		{10A998EE-3F37-46E7-B101-1871E9EB8FE7}.Debug|Any CPU.Build.0 = Debug|Any CPU
		{10A998EE-3F37-46E7-B101-1871E9EB8FE7}.Release|Any CPU.ActiveCfg = Release|Any CPU
		{10A998EE-3F37-46E7-B101-1871E9EB8FE7}.Release|Any CPU.Build.0 = Release|Any CPU
		{1D3FB346-04AD-4EBE-B3B3-17EE5D7B21DF}.Debug|Any CPU.ActiveCfg = Debug|Any CPU
		{1D3FB346-04AD-4EBE-B3B3-17EE5D7B21DF}.Debug|Any CPU.Build.0 = Debug|Any CPU
		{1D3FB346-04AD-4EBE-B3B3-17EE5D7B21DF}.Release|Any CPU.ActiveCfg = Release|Any CPU
		{1D3FB346-04AD-4EBE-B3B3-17EE5D7B21DF}.Release|Any CPU.Build.0 = Release|Any CPU
		{7BB22878-36E2-490C-A559-2B87C04B2B55}.Debug|Any CPU.ActiveCfg = Debug|Any CPU
		{7BB22878-36E2-490C-A559-2B87C04B2B55}.Debug|Any CPU.Build.0 = Debug|Any CPU
		{7BB22878-36E2-490C-A559-2B87C04B2B55}.Release|Any CPU.ActiveCfg = Release|Any CPU
		{7BB22878-36E2-490C-A559-2B87C04B2B55}.Release|Any CPU.Build.0 = Release|Any CPU
		{5A66DC30-733D-451D-A820-475DD06351AE}.Debug|Any CPU.ActiveCfg = Debug|Any CPU
		{5A66DC30-733D-451D-A820-475DD06351AE}.Debug|Any CPU.Build.0 = Debug|Any CPU
		{5A66DC30-733D-451D-A820-475DD06351AE}.Release|Any CPU.ActiveCfg = Release|Any CPU
		{5A66DC30-733D-451D-A820-475DD06351AE}.Release|Any CPU.Build.0 = Release|Any CPU
		{A3C11A01-F78A-4969-AC21-F14E71F7A288}.Debug|Any CPU.ActiveCfg = Debug|Any CPU
		{A3C11A01-F78A-4969-AC21-F14E71F7A288}.Debug|Any CPU.Build.0 = Debug|Any CPU
		{A3C11A01-F78A-4969-AC21-F14E71F7A288}.Release|Any CPU.ActiveCfg = Release|Any CPU
		{A3C11A01-F78A-4969-AC21-F14E71F7A288}.Release|Any CPU.Build.0 = Release|Any CPU
		{61C15F58-900B-4491-B15A-993BD41B4D33}.Debug|Any CPU.ActiveCfg = Debug|Any CPU
		{61C15F58-900B-4491-B15A-993BD41B4D33}.Debug|Any CPU.Build.0 = Debug|Any CPU
		{61C15F58-900B-4491-B15A-993BD41B4D33}.Release|Any CPU.ActiveCfg = Release|Any CPU
		{61C15F58-900B-4491-B15A-993BD41B4D33}.Release|Any CPU.Build.0 = Release|Any CPU
		{4B6C4EAC-8B97-4AD3-B85C-47DA3518CB4F}.Debug|Any CPU.ActiveCfg = Debug|Any CPU
		{4B6C4EAC-8B97-4AD3-B85C-47DA3518CB4F}.Debug|Any CPU.Build.0 = Debug|Any CPU
		{4B6C4EAC-8B97-4AD3-B85C-47DA3518CB4F}.Release|Any CPU.ActiveCfg = Release|Any CPU
		{4B6C4EAC-8B97-4AD3-B85C-47DA3518CB4F}.Release|Any CPU.Build.0 = Release|Any CPU
		{EBF568DA-85DC-4F5C-A56D-91ADA430D768}.Debug|Any CPU.ActiveCfg = Debug|Any CPU
		{EBF568DA-85DC-4F5C-A56D-91ADA430D768}.Debug|Any CPU.Build.0 = Debug|Any CPU
		{EBF568DA-85DC-4F5C-A56D-91ADA430D768}.Release|Any CPU.ActiveCfg = Release|Any CPU
		{EBF568DA-85DC-4F5C-A56D-91ADA430D768}.Release|Any CPU.Build.0 = Release|Any CPU
		{34BB5AA5-8BCE-4C1D-9DC3-16755DF0F6CD}.Debug|Any CPU.ActiveCfg = Debug|Any CPU
		{34BB5AA5-8BCE-4C1D-9DC3-16755DF0F6CD}.Debug|Any CPU.Build.0 = Debug|Any CPU
		{34BB5AA5-8BCE-4C1D-9DC3-16755DF0F6CD}.Release|Any CPU.ActiveCfg = Release|Any CPU
		{34BB5AA5-8BCE-4C1D-9DC3-16755DF0F6CD}.Release|Any CPU.Build.0 = Release|Any CPU
		{28161917-C759-4104-8FD5-8DA9C610B67A}.Debug|Any CPU.ActiveCfg = Debug|Any CPU
		{28161917-C759-4104-8FD5-8DA9C610B67A}.Debug|Any CPU.Build.0 = Debug|Any CPU
		{28161917-C759-4104-8FD5-8DA9C610B67A}.Release|Any CPU.ActiveCfg = Release|Any CPU
		{28161917-C759-4104-8FD5-8DA9C610B67A}.Release|Any CPU.Build.0 = Release|Any CPU
		{2C1B5C78-1964-4907-BA46-3944C1A0936B}.Debug|Any CPU.ActiveCfg = Debug|Any CPU
		{2C1B5C78-1964-4907-BA46-3944C1A0936B}.Debug|Any CPU.Build.0 = Debug|Any CPU
		{2C1B5C78-1964-4907-BA46-3944C1A0936B}.Release|Any CPU.ActiveCfg = Release|Any CPU
		{2C1B5C78-1964-4907-BA46-3944C1A0936B}.Release|Any CPU.Build.0 = Release|Any CPU
		{FD3651E7-ABCC-49DB-826D-F83A5FEA766C}.Debug|Any CPU.ActiveCfg = Debug|Any CPU
		{FD3651E7-ABCC-49DB-826D-F83A5FEA766C}.Debug|Any CPU.Build.0 = Debug|Any CPU
		{FD3651E7-ABCC-49DB-826D-F83A5FEA766C}.Release|Any CPU.ActiveCfg = Release|Any CPU
		{FD3651E7-ABCC-49DB-826D-F83A5FEA766C}.Release|Any CPU.Build.0 = Release|Any CPU
		{17A7DBD8-05C6-440B-997A-7D578BABE657}.Debug|Any CPU.ActiveCfg = Debug|Any CPU
		{17A7DBD8-05C6-440B-997A-7D578BABE657}.Debug|Any CPU.Build.0 = Debug|Any CPU
		{17A7DBD8-05C6-440B-997A-7D578BABE657}.Release|Any CPU.ActiveCfg = Release|Any CPU
		{17A7DBD8-05C6-440B-997A-7D578BABE657}.Release|Any CPU.Build.0 = Release|Any CPU
		{D96E9A46-F255-4DDC-9417-5803FF4CBC07}.Debug|Any CPU.ActiveCfg = Debug|Any CPU
		{D96E9A46-F255-4DDC-9417-5803FF4CBC07}.Debug|Any CPU.Build.0 = Debug|Any CPU
		{D96E9A46-F255-4DDC-9417-5803FF4CBC07}.Release|Any CPU.ActiveCfg = Release|Any CPU
		{D96E9A46-F255-4DDC-9417-5803FF4CBC07}.Release|Any CPU.Build.0 = Release|Any CPU
		{2DF5E957-97F3-48D1-9053-275604450F9F}.Debug|Any CPU.ActiveCfg = Debug|Any CPU
		{2DF5E957-97F3-48D1-9053-275604450F9F}.Debug|Any CPU.Build.0 = Debug|Any CPU
		{2DF5E957-97F3-48D1-9053-275604450F9F}.Release|Any CPU.ActiveCfg = Release|Any CPU
		{2DF5E957-97F3-48D1-9053-275604450F9F}.Release|Any CPU.Build.0 = Release|Any CPU
		{DAAE091D-2F77-463C-A3AE-4A680050CB3D}.Debug|Any CPU.ActiveCfg = Debug|Any CPU
		{DAAE091D-2F77-463C-A3AE-4A680050CB3D}.Debug|Any CPU.Build.0 = Debug|Any CPU
		{DAAE091D-2F77-463C-A3AE-4A680050CB3D}.Release|Any CPU.ActiveCfg = Release|Any CPU
		{DAAE091D-2F77-463C-A3AE-4A680050CB3D}.Release|Any CPU.Build.0 = Release|Any CPU
		{415896FB-5497-4C3F-801C-BAC2FFCAA75B}.Debug|Any CPU.ActiveCfg = Debug|Any CPU
		{415896FB-5497-4C3F-801C-BAC2FFCAA75B}.Debug|Any CPU.Build.0 = Debug|Any CPU
		{415896FB-5497-4C3F-801C-BAC2FFCAA75B}.Release|Any CPU.ActiveCfg = Release|Any CPU
		{415896FB-5497-4C3F-801C-BAC2FFCAA75B}.Release|Any CPU.Build.0 = Release|Any CPU
	EndGlobalSection
	GlobalSection(SolutionProperties) = preSolution
		HideSolutionNode = FALSE
	EndGlobalSection
	GlobalSection(NestedProjects) = preSolution
		{9DD20D62-447F-4650-92F2-6109C5486D49} = {863E73BA-BBD2-4DAB-8B90-7B62F3E00979}
		{E1301573-66A0-471A-B2BB-31EA2238FE09} = {863E73BA-BBD2-4DAB-8B90-7B62F3E00979}
		{AFE8FF08-4233-435C-9273-15A871C73371} = {863E73BA-BBD2-4DAB-8B90-7B62F3E00979}
		{F9ABCD0F-66ED-4B99-B617-67D7184E81AF} = {863E73BA-BBD2-4DAB-8B90-7B62F3E00979}
		{A760B556-E6FE-46B8-947D-5844CC49B055} = {863E73BA-BBD2-4DAB-8B90-7B62F3E00979}
		{5D6AC610-0B7D-4D78-AB24-A345F2D28AAE} = {863E73BA-BBD2-4DAB-8B90-7B62F3E00979}
		{21E96B63-A211-43F7-805F-C8E2904E511B} = {863E73BA-BBD2-4DAB-8B90-7B62F3E00979}
		{67B31E7B-1699-4F0E-9FC0-22DABBEE0E60} = {863E73BA-BBD2-4DAB-8B90-7B62F3E00979}
		{501C1F36-DF29-4E0E-9F4E-165BE63DB92C} = {863E73BA-BBD2-4DAB-8B90-7B62F3E00979}
		{D68B8CED-DFE4-4B4D-81C4-13958A599383} = {863E73BA-BBD2-4DAB-8B90-7B62F3E00979}
		{6347766A-18B7-4B4D-8B7B-F6559BA76EC9} = {863E73BA-BBD2-4DAB-8B90-7B62F3E00979}
		{10A998EE-3F37-46E7-B101-1871E9EB8FE7} = {863E73BA-BBD2-4DAB-8B90-7B62F3E00979}
		{1D3FB346-04AD-4EBE-B3B3-17EE5D7B21DF} = {863E73BA-BBD2-4DAB-8B90-7B62F3E00979}
		{7BB22878-36E2-490C-A559-2B87C04B2B55} = {863E73BA-BBD2-4DAB-8B90-7B62F3E00979}
		{5A66DC30-733D-451D-A820-475DD06351AE} = {863E73BA-BBD2-4DAB-8B90-7B62F3E00979}
		{A3C11A01-F78A-4969-AC21-F14E71F7A288} = {04D1810E-C5AD-48CF-98A3-FDDF748E0732}
		{61C15F58-900B-4491-B15A-993BD41B4D33} = {04D1810E-C5AD-48CF-98A3-FDDF748E0732}
		{4B6C4EAC-8B97-4AD3-B85C-47DA3518CB4F} = {04D1810E-C5AD-48CF-98A3-FDDF748E0732}
		{EBF568DA-85DC-4F5C-A56D-91ADA430D768} = {FF919C17-E9BB-47A7-91DA-3932321B8AD2}
		{34BB5AA5-8BCE-4C1D-9DC3-16755DF0F6CD} = {FF919C17-E9BB-47A7-91DA-3932321B8AD2}
		{28161917-C759-4104-8FD5-8DA9C610B67A} = {FF919C17-E9BB-47A7-91DA-3932321B8AD2}
		{2C1B5C78-1964-4907-BA46-3944C1A0936B} = {FF919C17-E9BB-47A7-91DA-3932321B8AD2}
		{FD3651E7-ABCC-49DB-826D-F83A5FEA766C} = {FF919C17-E9BB-47A7-91DA-3932321B8AD2}
		{17A7DBD8-05C6-440B-997A-7D578BABE657} = {FF919C17-E9BB-47A7-91DA-3932321B8AD2}
		{D96E9A46-F255-4DDC-9417-5803FF4CBC07} = {28DCA686-C66B-4DC2-8016-E60BF5992C54}
		{2DF5E957-97F3-48D1-9053-275604450F9F} = {3143D96F-2FED-4D6C-91DD-EBAA5A012061}
		{DAAE091D-2F77-463C-A3AE-4A680050CB3D} = {3143D96F-2FED-4D6C-91DD-EBAA5A012061}
		{415896FB-5497-4C3F-801C-BAC2FFCAA75B} = {3143D96F-2FED-4D6C-91DD-EBAA5A012061}
	EndGlobalSection
	GlobalSection(ExtensibilityGlobals) = postSolution
		SolutionGuid = {EAEFB206-E6D3-449E-8B7E-29BABBD7BED2}
	EndGlobalSection
EndGlobal
